
Microsoft Visual Studio Solution File, Format Version 12.00
# Visual Studio 15
VisualStudioVersion = 15.0.27004.2005
MinimumVisualStudioVersion = 10.0.40219.1
Project("{FAE04EC0-301F-11D3-BF4B-00C04F79EFBC}") = "KittensMicroservice", "KittensMicroservice\KittensMicroservice.csproj", "{22195ABB-B13C-4FBF-8CCC-DBA5CE7D9BFE}"
EndProject
Global
	GlobalSection(SolutionConfigurationPlatforms) = preSolution
		Debug|Any CPU = Debug|Any CPU
		Release|Any CPU = Release|Any CPU
	EndGlobalSection
	GlobalSection(ProjectConfigurationPlatforms) = postSolution
		{22195ABB-B13C-4FBF-8CCC-DBA5CE7D9BFE}.Debug|Any CPU.ActiveCfg = Debug|Any CPU
		{22195ABB-B13C-4FBF-8CCC-DBA5CE7D9BFE}.Debug|Any CPU.Build.0 = Debug|Any CPU
		{22195ABB-B13C-4FBF-8CCC-DBA5CE7D9BFE}.Release|Any CPU.ActiveCfg = Release|Any CPU
		{22195ABB-B13C-4FBF-8CCC-DBA5CE7D9BFE}.Release|Any CPU.Build.0 = Release|Any CPU
	EndGlobalSection
	GlobalSection(SolutionProperties) = preSolution
		HideSolutionNode = FALSE
	EndGlobalSection
	GlobalSection(ExtensibilityGlobals) = postSolution
		SolutionGuid = {7082C20E-5AF4-4EE4-9FBD-93E0E7A38E4C}
	EndGlobalSection
EndGlobal
